
Microsoft Visual Studio Solution File, Format Version 12.00
# Visual Studio Version 16
VisualStudioVersion = 16.0.32228.343
MinimumVisualStudioVersion = 10.0.40219.1
Project("{FAE04EC0-301F-11D3-BF4B-00C04F79EFBC}") = "ExamAPI2", "ExamAPI2\ExamAPI2.csproj", "{C3EDE6D1-35AC-4605-9C2C-A6E15CA6AAE2}"
EndProject
Global
	GlobalSection(SolutionConfigurationPlatforms) = preSolution
		Debug|Any CPU = Debug|Any CPU
		Release|Any CPU = Release|Any CPU
	EndGlobalSection
	GlobalSection(ProjectConfigurationPlatforms) = postSolution
		{C3EDE6D1-35AC-4605-9C2C-A6E15CA6AAE2}.Debug|Any CPU.ActiveCfg = Debug|Any CPU
		{C3EDE6D1-35AC-4605-9C2C-A6E15CA6AAE2}.Debug|Any CPU.Build.0 = Debug|Any CPU
		{C3EDE6D1-35AC-4605-9C2C-A6E15CA6AAE2}.Release|Any CPU.ActiveCfg = Release|Any CPU
		{C3EDE6D1-35AC-4605-9C2C-A6E15CA6AAE2}.Release|Any CPU.Build.0 = Release|Any CPU
	EndGlobalSection
	GlobalSection(SolutionProperties) = preSolution
		HideSolutionNode = FALSE
	EndGlobalSection
	GlobalSection(ExtensibilityGlobals) = postSolution
		SolutionGuid = {70E52F53-88D4-4157-8E9C-D4B9194515F5}
	EndGlobalSection
EndGlobal
